<?xml version="1.0" encoding="utf-8"?>
<Project ToolsVersion="4.0" xmlns="http://schemas.microsoft.com/developer/msbuild/2003">
  <ItemGroup>
    <Filter Include="Source Files">
      <UniqueIdentifier>{4FC737F1-C7A5-4376-A066-2A32D752A2FF}</UniqueIdentifier>
      <Extensions>cpp;c;cc;cxx;def;odl;idl;hpj;bat;asm;asmx</Extensions>
    </Filter>
    <Filter Include="Header Files">
      <UniqueIdentifier>{93995380-89BD-4b04-88EB-625FBE52EBFB}</UniqueIdentifier>
      <Extensions>h;hpp;hxx;hm;inl;inc;xsd</Extensions>
    </Filter>
    <Filter Include="Resource Files">
      <UniqueIdentifier>{67DA6AB6-F800-4c08-8B7A-83BB121AAD01}</UniqueIdentifier>
      <Extensions>rc;ico;cur;bmp;dlg;rc2;rct;bin;rgs;gif;jpg;jpeg;jpe;resx;tiff;tif;png;wav</Extensions>
    </Filter>
    <Filter Include="sounds">
      <UniqueIdentifier>{ec992a2a-452e-440f-bb4c-415bc7ef6a3b}</UniqueIdentifier>
    </Filter>
    <Filter Include="sounds\voices">
      <UniqueIdentifier>{eedf59db-3cb8-494f-b4ae-23026ee89137}</UniqueIdentifier>
    </Filter>
    <Filter Include="sounds\iface">
      <UniqueIdentifier>{207b8a16-a8d4-4ff5-9845-32c6f2143ec2}</UniqueIdentifier>
    </Filter>
  </ItemGroup>
  <ItemGroup>
    <ClCompile Include="CameraSampler.cpp">
      <Filter>Source Files</Filter>
    </ClCompile>
    <ClCompile Include="f_legs.cpp">
      <Filter>Source Files</Filter>
    </ClCompile>
    <ClCompile Include="f_moment_invariants.cpp">
      <Filter>Source Files</Filter>
    </ClCompile>
    <ClCompile Include="f_rays.cpp">
      <Filter>Source Files</Filter>
    </ClCompile>
    <ClCompile Include="f_sppa.cpp">
      <Filter>Source Files</Filter>
    </ClCompile>
    <ClCompile Include="FallDetector.cpp">
      <Filter>Source Files</Filter>
    </ClCompile>
    <ClCompile Include="KeyboardThread.cpp">
      <Filter>Source Files</Filter>
    </ClCompile>
    <ClCompile Include="main.cpp">
      <Filter>Source Files</Filter>
    </ClCompile>
    <ClCompile Include="moments.cpp">
      <Filter>Source Files</Filter>
    </ClCompile>
    <ClCompile Include="pinpointing.cpp">
      <Filter>Source Files</Filter>
    </ClCompile>
    <ClCompile Include="Sounds.cpp">
      <Filter>Source Files</Filter>
    </ClCompile>
    <ClCompile Include="CFollow.cpp">
      <Filter>Source Files</Filter>
    </ClCompile>
  </ItemGroup>
  <ItemGroup>
    <ClInclude Include="..\extract_man_lib\CameraSampler.h">
      <Filter>Header Files</Filter>
    </ClInclude>
    <ClInclude Include="clseval.h">
      <Filter>Header Files</Filter>
    </ClInclude>
    <ClInclude Include="FallDetector.h">
      <Filter>Header Files</Filter>
    </ClInclude>
    <ClInclude Include="FPS_timer.h">
      <Filter>Header Files</Filter>
    </ClInclude>
    <ClInclude Include="KeyboardThread.h">
      <Filter>Header Files</Filter>
    </ClInclude>
    <ClInclude Include="pinpointing.h">
      <Filter>Header Files</Filter>
    </ClInclude>
    <ClInclude Include="resource.h">
      <Filter>Header Files</Filter>
    </ClInclude>
    <ClInclude Include="Sounds.h">
      <Filter>Header Files</Filter>
    </ClInclude>
    <ClInclude Include="moments.h">
      <Filter>Header Files</Filter>
    </ClInclude>
    <ClInclude Include="CFollow.h">
      <Filter>Header Files</Filter>
    </ClInclude>
  </ItemGroup>
  <ItemGroup>
    <ResourceCompile Include="chase.rc">
      <Filter>Resource Files</Filter>
    </ResourceCompile>
  </ItemGroup>
  <ItemGroup>
    <None Include="classifier.xml">
      <Filter>Resource Files</Filter>
    </None>
    <None Include="AriaDebugVC10.dll">
      <Filter>Resource Files</Filter>
    </None>
    <None Include="sounds\voices\0.wav">
      <Filter>sounds\voices</Filter>
    </None>
    <None Include="sounds\voices\1.wav">
      <Filter>sounds\voices</Filter>
    </None>
    <None Include="sounds\voices\2.wav">
      <Filter>sounds\voices</Filter>
    </None>
    <None Include="sounds\voices\3.wav">
      <Filter>sounds\voices</Filter>
    </None>
    <None Include="sounds\voices\4.wav">
      <Filter>sounds\voices</Filter>
    </None>
    <None Include="sounds\voices\5.wav">
      <Filter>sounds\voices</Filter>
    </None>
    <None Include="sounds\voices\6.wav">
      <Filter>sounds\voices</Filter>
    </None>
    <None Include="sounds\voices\7.wav">
      <Filter>sounds\voices</Filter>
    </None>
    <None Include="sounds\voices\8.wav">
      <Filter>sounds\voices</Filter>
    </None>
    <None Include="sounds\voices\9.wav">
      <Filter>sounds\voices</Filter>
    </None>
    <None Include="sounds\voices\aaaah.wav">
      <Filter>sounds\voices</Filter>
    </None>
    <None Include="sounds\voices\aahhh.wav">
      <Filter>sounds\voices</Filter>
    </None>
    <None Include="sounds\voices\aahhzz.wav">
      <Filter>sounds\voices</Filter>
    </None>
    <None Include="sounds\voices\aauuu.wav">
      <Filter>sounds\voices</Filter>
    </None>
    <None Include="sounds\voices\ah.wav">
      <Filter>sounds\voices</Filter>
    </None>
    <None Include="sounds\voices\all-right.wav">
      <Filter>sounds\voices</Filter>
    </None>
    <None Include="sounds\voices\all-the-way.wav">
      <Filter>sounds\voices</Filter>
    </None>
    <None Include="sounds\voices\am-i-totally-screwed-or.wav">
      <Filter>sounds\voices</Filter>
    </None>
    <None Include="sounds\voices\and-1.wav">
      <Filter>sounds\voices</Filter>
    </None>
    <None Include="sounds\voices\and-2.wav">
      <Filter>sounds\voices</Filter>
    </None>
    <None Include="sounds\voices\blah-blah-blah.wav">
      <Filter>sounds\voices</Filter>
    </None>
    <None Include="sounds\voices\bye.wav">
      <Filter>sounds\voices</Filter>
    </None>
    <None Include="sounds\voices\bye-bye-1.wav">
      <Filter>sounds\voices</Filter>
    </None>
    <None Include="sounds\voices\bye-bye-2.wav">
      <Filter>sounds\voices</Filter>
    </None>
    <None Include="sounds\voices\bye-bye-3.wav">
      <Filter>sounds\voices</Filter>
    </None>
    <None Include="sounds\voices\bye-bye-4.wav">
      <Filter>sounds\voices</Filter>
    </None>
    <None Include="sounds\voices\bye-bye-5.wav">
      <Filter>sounds\voices</Filter>
    </None>
    <None Include="sounds\voices\bye-bye-6.wav">
      <Filter>sounds\voices</Filter>
    </None>
    <None Include="sounds\voices\can-you-get-it.wav">
      <Filter>sounds\voices</Filter>
    </None>
    <None Include="sounds\voices\can-you-keep-a-secret.wav">
      <Filter>sounds\voices</Filter>
    </None>
    <None Include="sounds\voices\chase menu.wav">
      <Filter>sounds\voices</Filter>
    </None>
    <None Include="sounds\voices\come-on-1.wav">
      <Filter>sounds\voices</Filter>
    </None>
    <None Include="sounds\voices\come-on-2.wav">
      <Filter>sounds\voices</Filter>
    </None>
    <None Include="sounds\voices\come-on-3.wav">
      <Filter>sounds\voices</Filter>
    </None>
    <None Include="sounds\voices\come-on-come-on-1.wav">
      <Filter>sounds\voices</Filter>
    </None>
    <None Include="sounds\voices\come-on-come-on-2.wav">
      <Filter>sounds\voices</Filter>
    </None>
    <None Include="sounds\voices\come-on-you-can-do-it.wav">
      <Filter>sounds\voices</Filter>
    </None>
    <None Include="sounds\voices\damn-it.wav">
      <Filter>sounds\voices</Filter>
    </None>
    <None Include="sounds\voices\dinner-is-served.wav">
      <Filter>sounds\voices</Filter>
    </None>
    <None Include="sounds\voices\do-you-like-it.wav">
      <Filter>sounds\voices</Filter>
    </None>
    <None Include="sounds\voices\focus.wav">
      <Filter>sounds\voices</Filter>
    </None>
    <None Include="sounds\voices\found you.wav">
      <Filter>sounds\voices</Filter>
    </None>
    <None Include="sounds\voices\friday-rocks.wav">
      <Filter>sounds\voices</Filter>
    </None>
    <None Include="sounds\voices\get-away-from-me.wav">
      <Filter>sounds\voices</Filter>
    </None>
    <None Include="sounds\voices\goddamnit.wav">
      <Filter>sounds\voices</Filter>
    </None>
    <None Include="sounds\voices\go-go.wav">
      <Filter>sounds\voices</Filter>
    </None>
    <None Include="sounds\voices\go-go-go.wav">
      <Filter>sounds\voices</Filter>
    </None>
    <None Include="sounds\voices\go-head.wav">
      <Filter>sounds\voices</Filter>
    </None>
    <None Include="sounds\voices\goodbye.wav">
      <Filter>sounds\voices</Filter>
    </None>
    <None Include="sounds\voices\guess-what-1.wav">
      <Filter>sounds\voices</Filter>
    </None>
    <None Include="sounds\voices\guess-what-2.wav">
      <Filter>sounds\voices</Filter>
    </None>
    <None Include="sounds\voices\have-a-good-weekend.wav">
      <Filter>sounds\voices</Filter>
    </None>
    <None Include="sounds\voices\hello-1.wav">
      <Filter>sounds\voices</Filter>
    </None>
    <None Include="sounds\voices\hello-2.wav">
      <Filter>sounds\voices</Filter>
    </None>
    <None Include="sounds\voices\hello-3.wav">
      <Filter>sounds\voices</Filter>
    </None>
    <None Include="sounds\voices\hello-4.wav">
      <Filter>sounds\voices</Filter>
    </None>
    <None Include="sounds\voices\here-i-come.wav">
      <Filter>sounds\voices</Filter>
    </None>
    <None Include="sounds\voices\hey.wav">
      <Filter>sounds\voices</Filter>
    </None>
    <None Include="sounds\voices\hey-sweetness-1.wav">
      <Filter>sounds\voices</Filter>
    </None>
    <None Include="sounds\voices\hey-sweetness-2.wav">
      <Filter>sounds\voices</Filter>
    </None>
    <None Include="sounds\voices\hi-1.wav">
      <Filter>sounds\voices</Filter>
    </None>
    <None Include="sounds\voices\hi-2.wav">
      <Filter>sounds\voices</Filter>
    </None>
    <None Include="sounds\voices\hi-3.wav">
      <Filter>sounds\voices</Filter>
    </None>
    <None Include="sounds\voices\hi-cutiepie.wav">
      <Filter>sounds\voices</Filter>
    </None>
    <None Include="sounds\voices\honey-1.wav">
      <Filter>sounds\voices</Filter>
    </None>
    <None Include="sounds\voices\honey-2.wav">
      <Filter>sounds\voices</Filter>
    </None>
    <None Include="sounds\voices\honey-look-at-this.wav">
      <Filter>sounds\voices</Filter>
    </None>
    <None Include="sounds\voices\horn.wav">
      <Filter>sounds\voices</Filter>
    </None>
    <None Include="sounds\voices\hot-stuff-coming-up.wav">
      <Filter>sounds\voices</Filter>
    </None>
    <None Include="sounds\voices\how-dare-you.wav">
      <Filter>sounds\voices</Filter>
    </None>
    <None Include="sounds\voices\huh-1.wav">
      <Filter>sounds\voices</Filter>
    </None>
    <None Include="sounds\voices\huh-2.wav">
      <Filter>sounds\voices</Filter>
    </None>
    <None Include="sounds\voices\i-agree.wav">
      <Filter>sounds\voices</Filter>
    </None>
    <None Include="sounds\voices\i-can%27t-believe-i-let-you.wav">
      <Filter>sounds\voices</Filter>
    </None>
    <None Include="sounds\voices\i-cant-stand-you.wav">
      <Filter>sounds\voices</Filter>
    </None>
    <None Include="sounds\voices\i-cant-take-this.wav">
      <Filter>sounds\voices</Filter>
    </None>
    <None Include="sounds\voices\i-cant-wait.wav">
      <Filter>sounds\voices</Filter>
    </None>
    <None Include="sounds\voices\i-dont-think-so-1.wav">
      <Filter>sounds\voices</Filter>
    </None>
    <None Include="sounds\voices\i-dont-think-so-2.wav">
      <Filter>sounds\voices</Filter>
    </None>
    <None Include="sounds\voices\i-dont-understand.wav">
      <Filter>sounds\voices</Filter>
    </None>
    <None Include="sounds\voices\i-just-got-here.wav">
      <Filter>sounds\voices</Filter>
    </None>
    <None Include="sounds\voices\i-know.wav">
      <Filter>sounds\voices</Filter>
    </None>
    <None Include="sounds\voices\i-know-youre-there.wav">
      <Filter>sounds\voices</Filter>
    </None>
    <None Include="sounds\voices\ill-keep-calling-1.wav">
      <Filter>sounds\voices</Filter>
    </None>
    <None Include="sounds\voices\ill-keep-calling-2.wav">
      <Filter>sounds\voices</Filter>
    </None>
    <None Include="sounds\voices\ill-tell-you-what-i-think.wav">
      <Filter>sounds\voices</Filter>
    </None>
    <None Include="sounds\voices\i-love-you-1.wav">
      <Filter>sounds\voices</Filter>
    </None>
    <None Include="sounds\voices\i-love-you-2.wav">
      <Filter>sounds\voices</Filter>
    </None>
    <None Include="sounds\voices\i-love-you-3.wav">
      <Filter>sounds\voices</Filter>
    </None>
    <None Include="sounds\voices\i-love-you-4.wav">
      <Filter>sounds\voices</Filter>
    </None>
    <None Include="sounds\voices\i-love-you-5.wav">
      <Filter>sounds\voices</Filter>
    </None>
    <None Include="sounds\voices\im-gonna-go.wav">
      <Filter>sounds\voices</Filter>
    </None>
    <None Include="sounds\voices\im-in-touble.wav">
      <Filter>sounds\voices</Filter>
    </None>
    <None Include="sounds\voices\im-not-mad.wav">
      <Filter>sounds\voices</Filter>
    </None>
    <None Include="sounds\voices\im-so-glad.wav">
      <Filter>sounds\voices</Filter>
    </None>
    <None Include="sounds\voices\im-so-hungry.wav">
      <Filter>sounds\voices</Filter>
    </None>
    <None Include="sounds\voices\im-so-ready.wav">
      <Filter>sounds\voices</Filter>
    </None>
    <None Include="sounds\voices\im-sorry.wav">
      <Filter>sounds\voices</Filter>
    </None>
    <None Include="sounds\voices\im-sorry-i-cant.wav">
      <Filter>sounds\voices</Filter>
    </None>
    <None Include="sounds\voices\im-the-man.wav">
      <Filter>sounds\voices</Filter>
    </None>
    <None Include="sounds\voices\initialization failed.wav">
      <Filter>sounds\voices</Filter>
    </None>
    <None Include="sounds\voices\initialization successful.wav">
      <Filter>sounds\voices</Filter>
    </None>
    <None Include="sounds\voices\initializing.wav">
      <Filter>sounds\voices</Filter>
    </None>
    <None Include="sounds\voices\i-think-that-this-is.wav">
      <Filter>sounds\voices</Filter>
    </None>
    <None Include="sounds\voices\its-almost-time.wav">
      <Filter>sounds\voices</Filter>
    </None>
    <None Include="sounds\voices\its-a-prank-caller.wav">
      <Filter>sounds\voices</Filter>
    </None>
    <None Include="sounds\voices\its-me.wav">
      <Filter>sounds\voices</Filter>
    </None>
    <None Include="sounds\voices\its-me-again.wav">
      <Filter>sounds\voices</Filter>
    </None>
    <None Include="sounds\voices\it-smells-really-good.wav">
      <Filter>sounds\voices</Filter>
    </None>
    <None Include="sounds\voices\its-not-that-easy.wav">
      <Filter>sounds\voices</Filter>
    </None>
    <None Include="sounds\voices\its-you.wav">
      <Filter>sounds\voices</Filter>
    </None>
    <None Include="sounds\voices\its-your-sweetheart-again.wav">
      <Filter>sounds\voices</Filter>
    </None>
    <None Include="sounds\voices\ive-been-doing.wav">
      <Filter>sounds\voices</Filter>
    </None>
    <None Include="sounds\voices\i-wanna-discuss.wav">
      <Filter>sounds\voices</Filter>
    </None>
    <None Include="sounds\voices\just-about-done-honey.wav">
      <Filter>sounds\voices</Filter>
    </None>
    <None Include="sounds\voices\Left.wav">
      <Filter>sounds\voices</Filter>
    </None>
    <None Include="sounds\voices\let-me-out-of-here-1.wav">
      <Filter>sounds\voices</Filter>
    </None>
    <None Include="sounds\voices\let-me-out-of-here-2.wav">
      <Filter>sounds\voices</Filter>
    </None>
    <None Include="sounds\voices\maybe-next-time.wav">
      <Filter>sounds\voices</Filter>
    </None>
    <None Include="sounds\voices\maybe-next-time-huh.wav">
      <Filter>sounds\voices</Filter>
    </None>
    <None Include="sounds\voices\mayday.wav">
      <Filter>sounds\voices</Filter>
    </None>
    <None Include="sounds\voices\mmm-1.wav">
      <Filter>sounds\voices</Filter>
    </None>
    <None Include="sounds\voices\mmm-2.wav">
      <Filter>sounds\voices</Filter>
    </None>
    <None Include="sounds\voices\mmm-3.wav">
      <Filter>sounds\voices</Filter>
    </None>
    <None Include="sounds\voices\mom-1.wav">
      <Filter>sounds\voices</Filter>
    </None>
    <None Include="sounds\voices\mom-2.wav">
      <Filter>sounds\voices</Filter>
    </None>
    <None Include="sounds\voices\nice-work.wav">
      <Filter>sounds\voices</Filter>
    </None>
    <None Include="sounds\voices\no-1.wav">
      <Filter>sounds\voices</Filter>
    </None>
    <None Include="sounds\voices\no-2.wav">
      <Filter>sounds\voices</Filter>
    </None>
    <None Include="sounds\voices\no-3.wav">
      <Filter>sounds\voices</Filter>
    </None>
    <None Include="sounds\voices\no-4.wav">
      <Filter>sounds\voices</Filter>
    </None>
    <None Include="sounds\voices\no-5.wav">
      <Filter>sounds\voices</Filter>
    </None>
    <None Include="sounds\voices\no-6.wav">
      <Filter>sounds\voices</Filter>
    </None>
    <None Include="sounds\voices\no-thats-not-gonna-do-it.wav">
      <Filter>sounds\voices</Filter>
    </None>
    <None Include="sounds\voices\oh-my-god-1.wav">
      <Filter>sounds\voices</Filter>
    </None>
    <None Include="sounds\voices\oh-my-god-2.wav">
      <Filter>sounds\voices</Filter>
    </None>
    <None Include="sounds\voices\oh-thats-okay.wav">
      <Filter>sounds\voices</Filter>
    </None>
    <None Include="sounds\voices\oh-yeah-1.wav">
      <Filter>sounds\voices</Filter>
    </None>
    <None Include="sounds\voices\oh-yeah-2.wav">
      <Filter>sounds\voices</Filter>
    </None>
    <None Include="sounds\voices\oh-yeah-everything-is-fine.wav">
      <Filter>sounds\voices</Filter>
    </None>
    <None Include="sounds\voices\okay-1.wav">
      <Filter>sounds\voices</Filter>
    </None>
    <None Include="sounds\voices\okay-2.wav">
      <Filter>sounds\voices</Filter>
    </None>
    <None Include="sounds\voices\okay-3.wav">
      <Filter>sounds\voices</Filter>
    </None>
    <None Include="sounds\voices\okay-4.wav">
      <Filter>sounds\voices</Filter>
    </None>
    <None Include="sounds\voices\okay-5.wav">
      <Filter>sounds\voices</Filter>
    </None>
    <None Include="sounds\voices\okay-6.wav">
      <Filter>sounds\voices</Filter>
    </None>
    <None Include="sounds\voices\okay-7.wav">
      <Filter>sounds\voices</Filter>
    </None>
    <None Include="sounds\voices\okay-bye.wav">
      <Filter>sounds\voices</Filter>
    </None>
    <None Include="sounds\voices\okay-come-on.wav">
      <Filter>sounds\voices</Filter>
    </None>
    <None Include="sounds\voices\okay-well.wav">
      <Filter>sounds\voices</Filter>
    </None>
    <None Include="sounds\voices\ooooh.wav">
      <Filter>sounds\voices</Filter>
    </None>
    <None Include="sounds\voices\open-the-door.wav">
      <Filter>sounds\voices</Filter>
    </None>
    <None Include="sounds\voices\open-the-goddamn-door.wav">
      <Filter>sounds\voices</Filter>
    </None>
    <None Include="sounds\voices\over-here-1.wav">
      <Filter>sounds\voices</Filter>
    </None>
    <None Include="sounds\voices\over-here-2.wav">
      <Filter>sounds\voices</Filter>
    </None>
    <None Include="sounds\voices\paused.wav">
      <Filter>sounds\voices</Filter>
    </None>
    <None Include="sounds\voices\pick-up-the-phone-1.wav">
      <Filter>sounds\voices</Filter>
    </None>
    <None Include="sounds\voices\pick-up-the-phone-2.wav">
      <Filter>sounds\voices</Filter>
    </None>
    <None Include="sounds\voices\please.wav">
      <Filter>sounds\voices</Filter>
    </None>
    <None Include="sounds\voices\poor-baby.wav">
      <Filter>sounds\voices</Filter>
    </None>
    <None Include="sounds\voices\president-is-moron.wav">
      <Filter>sounds\voices</Filter>
    </None>
    <None Include="sounds\voices\pssst-1.wav">
      <Filter>sounds\voices</Filter>
    </None>
    <None Include="sounds\voices\pssst-2.wav">
      <Filter>sounds\voices</Filter>
    </None>
    <None Include="sounds\voices\recording.wav">
      <Filter>sounds\voices</Filter>
    </None>
    <None Include="sounds\voices\resuming.wav">
      <Filter>sounds\voices</Filter>
    </None>
    <None Include="sounds\voices\Right.wav">
      <Filter>sounds\voices</Filter>
    </None>
    <None Include="sounds\voices\rrrou-1.wav">
      <Filter>sounds\voices</Filter>
    </None>
    <None Include="sounds\voices\rrrou-2.wav">
      <Filter>sounds\voices</Filter>
    </None>
    <None Include="sounds\voices\seriously.wav">
      <Filter>sounds\voices</Filter>
    </None>
    <None Include="sounds\voices\seriously-right.wav">
      <Filter>sounds\voices</Filter>
    </None>
    <None Include="sounds\voices\shall-we.wav">
      <Filter>sounds\voices</Filter>
    </None>
    <None Include="sounds\voices\shes-a-crazy-psycho-1.wav">
      <Filter>sounds\voices</Filter>
    </None>
    <None Include="sounds\voices\shes-a-crazy-psycho-2.wav">
      <Filter>sounds\voices</Filter>
    </None>
    <None Include="sounds\voices\shh-shh.wav">
      <Filter>sounds\voices</Filter>
    </None>
    <None Include="sounds\voices\shit.wav">
      <Filter>sounds\voices</Filter>
    </None>
    <None Include="sounds\voices\shut-up-1.wav">
      <Filter>sounds\voices</Filter>
    </None>
    <None Include="sounds\voices\shut-up-2.wav">
      <Filter>sounds\voices</Filter>
    </None>
    <None Include="sounds\voices\sigh-1.wav">
      <Filter>sounds\voices</Filter>
    </None>
    <None Include="sounds\voices\sigh-2.wav">
      <Filter>sounds\voices</Filter>
    </None>
    <None Include="sounds\voices\sigh-3.wav">
      <Filter>sounds\voices</Filter>
    </None>
    <None Include="sounds\voices\suck-it-up.wav">
      <Filter>sounds\voices</Filter>
    </None>
    <None Include="sounds\voices\taking picture.wav">
      <Filter>sounds\voices</Filter>
    </None>
    <None Include="sounds\voices\target lost.wav">
      <Filter>sounds\voices</Filter>
    </None>
    <None Include="sounds\voices\thank-god-its-friday.wav">
      <Filter>sounds\voices</Filter>
    </None>
    <None Include="sounds\voices\thatd-be-fantastic.wav">
      <Filter>sounds\voices</Filter>
    </None>
    <None Include="sounds\voices\that-feels-really-powerful.wav">
      <Filter>sounds\voices</Filter>
    </None>
    <None Include="sounds\voices\thats-it.wav">
      <Filter>sounds\voices</Filter>
    </None>
    <None Include="sounds\voices\thats-okay-1.wav">
      <Filter>sounds\voices</Filter>
    </None>
    <None Include="sounds\voices\thats-okay-2.wav">
      <Filter>sounds\voices</Filter>
    </None>
    <None Include="sounds\voices\thats-pretty-much-it.wav">
      <Filter>sounds\voices</Filter>
    </None>
    <None Include="sounds\voices\thats-the-loveliest-thing.wav">
      <Filter>sounds\voices</Filter>
    </None>
    <None Include="sounds\voices\the camera is a little too high.wav">
      <Filter>sounds\voices</Filter>
    </None>
    <None Include="sounds\voices\the camera is a little too low.wav">
      <Filter>sounds\voices</Filter>
    </None>
    <None Include="sounds\voices\the camera is ok.wav">
      <Filter>sounds\voices</Filter>
    </None>
    <None Include="sounds\voices\the camera is too high.wav">
      <Filter>sounds\voices</Filter>
    </None>
    <None Include="sounds\voices\the camera is too low.wav">
      <Filter>sounds\voices</Filter>
    </None>
    <None Include="sounds\voices\this-is-delicious.wav">
      <Filter>sounds\voices</Filter>
    </None>
    <None Include="sounds\voices\this-is-ridiculous.wav">
      <Filter>sounds\voices</Filter>
    </None>
    <None Include="sounds\voices\this-looks-delicious.wav">
      <Filter>sounds\voices</Filter>
    </None>
    <None Include="sounds\voices\uh.wav">
      <Filter>sounds\voices</Filter>
    </None>
    <None Include="sounds\voices\u-hmm-1.wav">
      <Filter>sounds\voices</Filter>
    </None>
    <None Include="sounds\voices\u-hmm-2.wav">
      <Filter>sounds\voices</Filter>
    </None>
    <None Include="sounds\voices\u-huh.wav">
      <Filter>sounds\voices</Filter>
    </None>
    <None Include="sounds\voices\unbelievable.wav">
      <Filter>sounds\voices</Filter>
    </None>
    <None Include="sounds\voices\urghhh.wav">
      <Filter>sounds\voices</Filter>
    </None>
    <None Include="sounds\voices\uuh.wav">
      <Filter>sounds\voices</Filter>
    </None>
    <None Include="sounds\voices\wait-a-minute.wav">
      <Filter>sounds\voices</Filter>
    </None>
    <None Include="sounds\voices\wanna-go-shopping.wav">
      <Filter>sounds\voices</Filter>
    </None>
    <None Include="sounds\voices\well.wav">
      <Filter>sounds\voices</Filter>
    </None>
    <None Include="sounds\voices\well-talk.wav">
      <Filter>sounds\voices</Filter>
    </None>
    <None Include="sounds\voices\well-talk-about-it-soon.wav">
      <Filter>sounds\voices</Filter>
    </None>
    <None Include="sounds\voices\we-need-to-have.wav">
      <Filter>sounds\voices</Filter>
    </None>
    <None Include="sounds\voices\werent-you-listening.wav">
      <Filter>sounds\voices</Filter>
    </None>
    <None Include="sounds\voices\what-1.wav">
      <Filter>sounds\voices</Filter>
    </None>
    <None Include="sounds\voices\what-2.wav">
      <Filter>sounds\voices</Filter>
    </None>
    <None Include="sounds\voices\what-3.wav">
      <Filter>sounds\voices</Filter>
    </None>
    <None Include="sounds\voices\what-4.wav">
      <Filter>sounds\voices</Filter>
    </None>
    <None Include="sounds\voices\what-5.wav">
      <Filter>sounds\voices</Filter>
    </None>
    <None Include="sounds\voices\what-are-you-doing.wav">
      <Filter>sounds\voices</Filter>
    </None>
    <None Include="sounds\voices\what-do-you-think.wav">
      <Filter>sounds\voices</Filter>
    </None>
    <None Include="sounds\voices\where-are-we-going.wav">
      <Filter>sounds\voices</Filter>
    </None>
    <None Include="sounds\voices\who-are-you.wav">
      <Filter>sounds\voices</Filter>
    </None>
    <None Include="sounds\voices\who-is-this.wav">
      <Filter>sounds\voices</Filter>
    </None>
    <None Include="sounds\voices\why.wav">
      <Filter>sounds\voices</Filter>
    </None>
    <None Include="sounds\voices\woohoo.wav">
      <Filter>sounds\voices</Filter>
    </None>
    <None Include="sounds\voices\wow-1.wav">
      <Filter>sounds\voices</Filter>
    </None>
    <None Include="sounds\voices\wow-2.wav">
      <Filter>sounds\voices</Filter>
    </None>
    <None Include="sounds\voices\xml fail.wav">
      <Filter>sounds\voices</Filter>
    </None>
    <None Include="sounds\voices\yay.wav">
      <Filter>sounds\voices</Filter>
    </None>
    <None Include="sounds\voices\yeah.wav">
      <Filter>sounds\voices</Filter>
    </None>
    <None Include="sounds\voices\yes-1.wav">
      <Filter>sounds\voices</Filter>
    </None>
    <None Include="sounds\voices\yes-2.wav">
      <Filter>sounds\voices</Filter>
    </None>
    <None Include="sounds\voices\yes-3.wav">
      <Filter>sounds\voices</Filter>
    </None>
    <None Include="sounds\voices\yes-4.wav">
      <Filter>sounds\voices</Filter>
    </None>
    <None Include="sounds\voices\yes-5.wav">
      <Filter>sounds\voices</Filter>
    </None>
    <None Include="sounds\voices\yes-hahahaa.wav">
      <Filter>sounds\voices</Filter>
    </None>
    <None Include="sounds\voices\yes-indeed.wav">
      <Filter>sounds\voices</Filter>
    </None>
    <None Include="sounds\voices\yes-please.wav">
      <Filter>sounds\voices</Filter>
    </None>
    <None Include="sounds\voices\yoga-1.wav">
      <Filter>sounds\voices</Filter>
    </None>
    <None Include="sounds\voices\yoga-2.wav">
      <Filter>sounds\voices</Filter>
    </None>
    <None Include="sounds\voices\you-are-acting-so-weird.wav">
      <Filter>sounds\voices</Filter>
    </None>
    <None Include="sounds\voices\you-call-that-fun.wav">
      <Filter>sounds\voices</Filter>
    </None>
    <None Include="sounds\voices\you-can-do-it.wav">
      <Filter>sounds\voices</Filter>
    </None>
    <None Include="sounds\voices\you-can-stay-at-home.wav">
      <Filter>sounds\voices</Filter>
    </None>
    <None Include="sounds\voices\you-crack-me-up.wav">
      <Filter>sounds\voices</Filter>
    </None>
    <None Include="sounds\voices\you-dont-know-how.wav">
      <Filter>sounds\voices</Filter>
    </None>
    <None Include="sounds\voices\you-got-it-1.wav">
      <Filter>sounds\voices</Filter>
    </None>
    <None Include="sounds\voices\you-got-it-2.wav">
      <Filter>sounds\voices</Filter>
    </None>
    <None Include="sounds\voices\you-know-what-im-talking.wav">
      <Filter>sounds\voices</Filter>
    </None>
    <None Include="sounds\voices\youll-see-very-soon.wav">
      <Filter>sounds\voices</Filter>
    </None>
    <None Include="sounds\voices\you-look-so-handsome.wav">
      <Filter>sounds\voices</Filter>
    </None>
    <None Include="sounds\voices\you-need-to-grow-up.wav">
      <Filter>sounds\voices</Filter>
    </None>
    <None Include="sounds\voices\youre-almost-there.wav">
      <Filter>sounds\voices</Filter>
    </None>
    <None Include="sounds\voices\youre-funny-1.wav">
      <Filter>sounds\voices</Filter>
    </None>
    <None Include="sounds\voices\youre-funny-2.wav">
      <Filter>sounds\voices</Filter>
    </None>
    <None Include="sounds\voices\youre-funny-3.wav">
      <Filter>sounds\voices</Filter>
    </None>
    <None Include="sounds\voices\youre-my-man.wav">
      <Filter>sounds\voices</Filter>
    </None>
    <None Include="sounds\voices\youre-on-the-right-track.wav">
      <Filter>sounds\voices</Filter>
    </None>
    <None Include="sounds\voices\youre-so-cute.wav">
      <Filter>sounds\voices</Filter>
    </None>
    <None Include="sounds\voices\youre-so-funny-1.wav">
      <Filter>sounds\voices</Filter>
    </None>
    <None Include="sounds\voices\youre-so-funny-2.wav">
      <Filter>sounds\voices</Filter>
    </None>
    <None Include="sounds\voices\youre-so-funny-3.wav">
      <Filter>sounds\voices</Filter>
    </None>
    <None Include="sounds\voices\you-silly-thing.wav">
      <Filter>sounds\voices</Filter>
    </None>
    <None Include="sounds\voices\you-too.wav">
      <Filter>sounds\voices</Filter>
    </None>
    <None Include="sounds\voices\youve-been-acting.wav">
      <Filter>sounds\voices</Filter>
    </None>
    <None Include="sounds\voices\youve-been-a-very-good.wav">
      <Filter>sounds\voices</Filter>
    </None>
    <None Include="sounds\voices\you-wanna-come-in.wav">
      <Filter>sounds\voices</Filter>
    </None>
    <None Include="sounds\voices\you-wanna-go.wav">
      <Filter>sounds\voices</Filter>
    </None>
    <None Include="sounds\voices\yummy.wav">
      <Filter>sounds\voices</Filter>
    </None>
    <None Include="sounds\iface\sound1.mp3">
      <Filter>sounds\iface</Filter>
    </None>
    <None Include="sounds\iface\sound2.mp3">
      <Filter>sounds\iface</Filter>
    </None>
    <None Include="sounds\iface\sound4.mp3">
      <Filter>sounds\iface</Filter>
    </None>
    <None Include="sounds\iface\sound5.mp3">
      <Filter>sounds\iface</Filter>
    </None>
    <None Include="sounds\iface\sound6.mp3">
      <Filter>sounds\iface</Filter>
    </None>
    <None Include="sounds\iface\sound7.mp3">
      <Filter>sounds\iface</Filter>
    </None>
    <None Include="sounds\iface\sound8.mp3">
      <Filter>sounds\iface</Filter>
    </None>
    <None Include="sounds\iface\sound9.mp3">
      <Filter>sounds\iface</Filter>
    </None>
    <None Include="sounds\iface\sound10.mp3">
      <Filter>sounds\iface</Filter>
    </None>
    <None Include="sounds\iface\sound11.mp3">
      <Filter>sounds\iface</Filter>
    </None>
    <None Include="sounds\iface\sound12.mp3">
      <Filter>sounds\iface</Filter>
    </None>
    <None Include="sounds\iface\sound13.mp3">
      <Filter>sounds\iface</Filter>
    </None>
    <None Include="sounds\iface\sound14.mp3">
      <Filter>sounds\iface</Filter>
    </None>
    <None Include="sounds\iface\sound15.mp3">
      <Filter>sounds\iface</Filter>
    </None>
    <None Include="sounds\iface\sound16.mp3">
      <Filter>sounds\iface</Filter>
    </None>
    <None Include="sounds\iface\sound17.mp3">
      <Filter>sounds\iface</Filter>
    </None>
    <None Include="sounds\iface\sound18.mp3">
      <Filter>sounds\iface</Filter>
    </None>
    <None Include="sounds\iface\sound19.mp3">
      <Filter>sounds\iface</Filter>
    </None>
    <None Include="sounds\iface\sound20.mp3">
      <Filter>sounds\iface</Filter>
    </None>
    <None Include="sounds\iface\sound21.mp3">
      <Filter>sounds\iface</Filter>
    </None>
    <None Include="sounds\iface\sound22.mp3">
      <Filter>sounds\iface</Filter>
    </None>
    <None Include="sounds\iface\sound23.mp3">
      <Filter>sounds\iface</Filter>
    </None>
    <None Include="sounds\iface\sound24.mp3">
      <Filter>sounds\iface</Filter>
    </None>
    <None Include="sounds\iface\sound25.mp3">
      <Filter>sounds\iface</Filter>
    </None>
    <None Include="sounds\iface\sound26.mp3">
      <Filter>sounds\iface</Filter>
    </None>
    <None Include="sounds\iface\sound27.mp3">
      <Filter>sounds\iface</Filter>
    </None>
    <None Include="sounds\iface\sound28.mp3">
      <Filter>sounds\iface</Filter>
    </None>
    <None Include="sounds\iface\sound29.mp3">
      <Filter>sounds\iface</Filter>
    </None>
    <None Include="sounds\iface\sound30.mp3">
      <Filter>sounds\iface</Filter>
    </None>
    <None Include="sounds\iface\sound31.mp3">
      <Filter>sounds\iface</Filter>
    </None>
    <None Include="sounds\iface\sound32.mp3">
      <Filter>sounds\iface</Filter>
    </None>
    <None Include="sounds\iface\sound33.mp3">
      <Filter>sounds\iface</Filter>
    </None>
    <None Include="sounds\iface\sound34.mp3">
      <Filter>sounds\iface</Filter>
    </None>
    <None Include="sounds\iface\sound35.mp3">
      <Filter>sounds\iface</Filter>
    </None>
    <None Include="sounds\iface\sound36.mp3">
      <Filter>sounds\iface</Filter>
    </None>
    <None Include="sounds\iface\sound37.mp3">
      <Filter>sounds\iface</Filter>
    </None>
    <None Include="sounds\iface\sound38.mp3">
      <Filter>sounds\iface</Filter>
    </None>
    <None Include="sounds\iface\sound39.mp3">
      <Filter>sounds\iface</Filter>
    </None>
    <None Include="sounds\iface\sound40.mp3">
      <Filter>sounds\iface</Filter>
    </None>
    <None Include="AriaVC10.dll">
      <Filter>Resource Files</Filter>
    </None>
    <None Include="ClassDiagram.cd" />
  </ItemGroup>
</Project>